<?xml version="1.0" encoding="utf-8"?>
<Project ToolsVersion="4.0" xmlns="http://schemas.microsoft.com/developer/msbuild/2003">
  <ItemGroup>
    <Filter Include="Source Files">
      <UniqueIdentifier>{4FC737F1-C7A5-4376-A066-2A32D752A2FF}</UniqueIdentifier>
      <Extensions>cpp;c;cc;cxx;def;odl;idl;hpj;bat;asm;asmx</Extensions>
    </Filter>
    <Filter Include="Header Files">
      <UniqueIdentifier>{93995380-89BD-4b04-88EB-625FBE52EBFB}</UniqueIdentifier>
      <Extensions>h;hh;hpp;hxx;hm;inl;inc;xsd</Extensions>
    </Filter>
    <Filter Include="Resource Files">
      <UniqueIdentifier>{67DA6AB6-F800-4c08-8B7A-83BB121AAD01}</UniqueIdentifier>
      <Extensions>rc;ico;cur;bmp;dlg;rc2;rct;bin;rgs;gif;jpg;jpeg;jpe;resx;tiff;tif;png;wav;mfcribbon-ms</Extensions>
    </Filter>
  </ItemGroup>
  <ItemGroup>
    <ClCompile Include="source\bitstream.c">
      <Filter>Source Files</Filter>
    </ClCompile>
    <ClCompile Include="source\h264-hrd.c">
      <Filter>Source Files</Filter>
    </ClCompile>
    <ClCompile Include="source\h264-parser.c">
      <Filter>Source Files</Filter>
    </ClCompile>
    <ClCompile Include="source\h264-pps.c">
      <Filter>Source Files</Filter>
    </ClCompile>
    <ClCompile Include="source\h264-sps.c">
      <Filter>Source Files</Filter>
    </ClCompile>
    <ClCompile Include="source\h264-vui.c">
      <Filter>Source Files</Filter>
    </ClCompile>
    <ClCompile Include="source\h264-scaling.c">
      <Filter>Source Files</Filter>
    </ClCompile>
    <ClCompile Include="source\h264-slice-header.c">
      <Filter>Source Files</Filter>
    </ClCompile>
    <ClCompile Include="source\h264-stream.c">
      <Filter>Source Files</Filter>
    </ClCompile>
    <ClCompile Include="source\h264-nal.c">
      <Filter>Source Files</Filter>
    </ClCompile>
    <ClCompile Include="source\h264-rbsp.c">
      <Filter>Source Files</Filter>
    </ClCompile>
    <ClCompile Include="source\h264-profile.c">
      <Filter>Source Files</Filter>
    </ClCompile>
    <ClCompile Include="source\h264-sei.c">
      <Filter>Source Files</Filter>
    </ClCompile>
  </ItemGroup>
  <ItemGroup>
    <ClInclude Include="include\bitstream.h">
      <Filter>Header Files</Filter>
    </ClInclude>
    <ClInclude Include="include\h264-internal.h">
      <Filter>Header Files</Filter>
    </ClInclude>
    <ClInclude Include="include\h264-sps.h">
      <Filter>Header Files</Filter>
    </ClInclude>
    <ClInclude Include="include\h264-pps.h">
      <Filter>Header Files</Filter>
    </ClInclude>
    <ClInclude Include="include\h264-hrd.h">
      <Filter>Header Files</Filter>
    </ClInclude>
    <ClInclude Include="include\h264-vui.h">
      <Filter>Header Files</Filter>
    </ClInclude>
    <ClInclude Include="include\h264-scaling.h">
      <Filter>Header Files</Filter>
    </ClInclude>
    <ClInclude Include="include\h264-util.h">
      <Filter>Header Files</Filter>
    </ClInclude>
    <ClInclude Include="include\h264-slice-header.h">
      <Filter>Header Files</Filter>
    </ClInclude>
    <ClInclude Include="include\h264-nal.h">
      <Filter>Header Files</Filter>
    </ClInclude>
    <ClInclude Include="include\h264-parser.h">
      <Filter>Header Files</Filter>
    </ClInclude>
    <ClInclude Include="include\h264-sei.h">
      <Filter>Header Files</Filter>
    </ClInclude>
  </ItemGroup>
</Project>