// !$*UTF8*$!
{
	archiveVersion = 1;
	classes = {
	};
	objectVersion = 50;
	objects = {

/* Begin PBXBuildFile section */
		46F3018724023F3F005EF41A /* avplayer.cpp in Sources */ = {isa = PBXBuildFile; fileRef = 46F3017A24023F3F005EF41A /* avplayer.cpp */; };
		46F3018824023F3F005EF41A /* AVLivePlayer.h in Headers */ = {isa = PBXBuildFile; fileRef = 46F3017C24023F3F005EF41A /* AVLivePlayer.h */; };
		46F3018924023F3F005EF41A /* AVLivePlayer.cpp in Sources */ = {isa = PBXBuildFile; fileRef = 46F3017D24023F3F005EF41A /* AVLivePlayer.cpp */; };
		46F3018A24023F3F005EF41A /* avplayer-live.cpp in Sources */ = {isa = PBXBuildFile; fileRef = 46F3017E24023F3F005EF41A /* avplayer-live.cpp */; };
		46F3018B24023F3F005EF41A /* AVFrameQ.h in Headers */ = {isa = PBXBuildFile; fileRef = 46F3017F24023F3F005EF41A /* AVFrameQ.h */; };
		46F3018C24023F3F005EF41A /* avplayer-file.cpp in Sources */ = {isa = PBXBuildFile; fileRef = 46F3018124023F3F005EF41A /* avplayer-file.cpp */; };
		46F3018D24023F3F005EF41A /* AVFilePlayer.h in Headers */ = {isa = PBXBuildFile; fileRef = 46F3018224023F3F005EF41A /* AVFilePlayer.h */; };
		46F3018E24023F3F005EF41A /* AVFilePlayer.cpp in Sources */ = {isa = PBXBuildFile; fileRef = 46F3018324023F3F005EF41A /* AVFilePlayer.cpp */; };
		46F3018F24023F3F005EF41A /* AVPlayerCore.h in Headers */ = {isa = PBXBuildFile; fileRef = 46F3018424023F3F005EF41A /* AVPlayerCore.h */; };
		46F3019024023F3F005EF41A /* AVInterval.h in Headers */ = {isa = PBXBuildFile; fileRef = 46F3018524023F3F005EF41A /* AVInterval.h */; };
		46F3019124023F3F005EF41A /* AVPlayerCore.cpp in Sources */ = {isa = PBXBuildFile; fileRef = 46F3018624023F3F005EF41A /* AVPlayerCore.cpp */; };
/* End PBXBuildFile section */

/* Begin PBXFileReference section */
		46F3011E24023DFF005EF41A /* libavplayer.a */ = {isa = PBXFileReference; explicitFileType = archive.ar; includeInIndex = 0; path = libavplayer.a; sourceTree = BUILT_PRODUCTS_DIR; };
		46F3014D24023EC5005EF41A /* include */ = {isa = PBXFileReference; lastKnownFileType = folder; path = include; sourceTree = "<group>"; };
		46F3017A24023F3F005EF41A /* avplayer.cpp */ = {isa = PBXFileReference; fileEncoding = 4; lastKnownFileType = sourcecode.cpp.cpp; path = avplayer.cpp; sourceTree = "<group>"; };
		46F3017C24023F3F005EF41A /* AVLivePlayer.h */ = {isa = PBXFileReference; fileEncoding = 4; lastKnownFileType = sourcecode.c.h; path = AVLivePlayer.h; sourceTree = "<group>"; };
		46F3017D24023F3F005EF41A /* AVLivePlayer.cpp */ = {isa = PBXFileReference; fileEncoding = 4; lastKnownFileType = sourcecode.cpp.cpp; path = AVLivePlayer.cpp; sourceTree = "<group>"; };
		46F3017E24023F3F005EF41A /* avplayer-live.cpp */ = {isa = PBXFileReference; fileEncoding = 4; lastKnownFileType = sourcecode.cpp.cpp; path = "avplayer-live.cpp"; sourceTree = "<group>"; };
		46F3017F24023F3F005EF41A /* AVFrameQ.h */ = {isa = PBXFileReference; fileEncoding = 4; lastKnownFileType = sourcecode.c.h; path = AVFrameQ.h; sourceTree = "<group>"; };
		46F3018124023F3F005EF41A /* avplayer-file.cpp */ = {isa = PBXFileReference; fileEncoding = 4; lastKnownFileType = sourcecode.cpp.cpp; path = "avplayer-file.cpp"; sourceTree = "<group>"; };
		46F3018224023F3F005EF41A /* AVFilePlayer.h */ = {isa = PBXFileReference; fileEncoding = 4; lastKnownFileType = sourcecode.c.h; path = AVFilePlayer.h; sourceTree = "<group>"; };
		46F3018324023F3F005EF41A /* AVFilePlayer.cpp */ = {isa = PBXFileReference; fileEncoding = 4; lastKnownFileType = sourcecode.cpp.cpp; path = AVFilePlayer.cpp; sourceTree = "<group>"; };
		46F3018424023F3F005EF41A /* AVPlayerCore.h */ = {isa = PBXFileReference; fileEncoding = 4; lastKnownFileType = sourcecode.c.h; path = AVPlayerCore.h; sourceTree = "<group>"; };
		46F3018524023F3F005EF41A /* AVInterval.h */ = {isa = PBXFileReference; fileEncoding = 4; lastKnownFileType = sourcecode.c.h; path = AVInterval.h; sourceTree = "<group>"; };
		46F3018624023F3F005EF41A /* AVPlayerCore.cpp */ = {isa = PBXFileReference; fileEncoding = 4; lastKnownFileType = sourcecode.cpp.cpp; path = AVPlayerCore.cpp; sourceTree = "<group>"; };
/* End PBXFileReference section */

/* Begin PBXFrameworksBuildPhase section */
		46F3011C24023DFF005EF41A /* Frameworks */ = {
			isa = PBXFrameworksBuildPhase;
			buildActionMask = 2147483647;
			files = (
			);
			runOnlyForDeploymentPostprocessing = 0;
		};
/* End PBXFrameworksBuildPhase section */

/* Begin PBXGroup section */
		46F3011524023DFF005EF41A = {
			isa = PBXGroup;
			children = (
				46F3014D24023EC5005EF41A /* include */,
				46F3017924023F3F005EF41A /* source */,
				46F3011F24023DFF005EF41A /* Products */,
			);
			sourceTree = "<group>";
		};
		46F3011F24023DFF005EF41A /* Products */ = {
			isa = PBXGroup;
			children = (
				46F3011E24023DFF005EF41A /* libavplayer.a */,
			);
			name = Products;
			sourceTree = "<group>";
		};
		46F3017924023F3F005EF41A /* source */ = {
			isa = PBXGroup;
			children = (
				46F3017A24023F3F005EF41A /* avplayer.cpp */,
				46F3017B24023F3F005EF41A /* live-player */,
				46F3017F24023F3F005EF41A /* AVFrameQ.h */,
				46F3018024023F3F005EF41A /* file-player */,
				46F3018424023F3F005EF41A /* AVPlayerCore.h */,
				46F3018524023F3F005EF41A /* AVInterval.h */,
				46F3018624023F3F005EF41A /* AVPlayerCore.cpp */,
			);
			path = source;
			sourceTree = "<group>";
		};
		46F3017B24023F3F005EF41A /* live-player */ = {
			isa = PBXGroup;
			children = (
				46F3017C24023F3F005EF41A /* AVLivePlayer.h */,
				46F3017D24023F3F005EF41A /* AVLivePlayer.cpp */,
				46F3017E24023F3F005EF41A /* avplayer-live.cpp */,
			);
			path = "live-player";
			sourceTree = "<group>";
		};
		46F3018024023F3F005EF41A /* file-player */ = {
			isa = PBXGroup;
			children = (
				46F3018124023F3F005EF41A /* avplayer-file.cpp */,
				46F3018224023F3F005EF41A /* AVFilePlayer.h */,
				46F3018324023F3F005EF41A /* AVFilePlayer.cpp */,
			);
			path = "file-player";
			sourceTree = "<group>";
		};
/* End PBXGroup section */

/* Begin PBXHeadersBuildPhase section */
		46F3011A24023DFF005EF41A /* Headers */ = {
			isa = PBXHeadersBuildPhase;
			buildActionMask = 2147483647;
			files = (
				46F3018824023F3F005EF41A /* AVLivePlayer.h in Headers */,
				46F3018F24023F3F005EF41A /* AVPlayerCore.h in Headers */,
				46F3019024023F3F005EF41A /* AVInterval.h in Headers */,
				46F3018D24023F3F005EF41A /* AVFilePlayer.h in Headers */,
				46F3018B24023F3F005EF41A /* AVFrameQ.h in Headers */,
			);
			runOnlyForDeploymentPostprocessing = 0;
		};
/* End PBXHeadersBuildPhase section */

/* Begin PBXNativeTarget section */
		46F3011D24023DFF005EF41A /* avplayer */ = {
			isa = PBXNativeTarget;
			buildConfigurationList = 46F3012224023DFF005EF41A /* Build configuration list for PBXNativeTarget "avplayer" */;
			buildPhases = (
				46F3011A24023DFF005EF41A /* Headers */,
				46F3011B24023DFF005EF41A /* Sources */,
				46F3011C24023DFF005EF41A /* Frameworks */,
			);
			buildRules = (
			);
			dependencies = (
			);
			name = avplayer;
			productName = avplayer;
			productReference = 46F3011E24023DFF005EF41A /* libavplayer.a */;
			productType = "com.apple.product-type.library.static";
		};
/* End PBXNativeTarget section */

/* Begin PBXProject section */
		46F3011624023DFF005EF41A /* Project object */ = {
			isa = PBXProject;
			attributes = {
				LastUpgradeCheck = 1130;
				ORGANIZATIONNAME = ireader;
				TargetAttributes = {
					46F3011D24023DFF005EF41A = {
						CreatedOnToolsVersion = 11.3;
					};
				};
			};
			buildConfigurationList = 46F3011924023DFF005EF41A /* Build configuration list for PBXProject "avplayer" */;
			compatibilityVersion = "Xcode 9.3";
			developmentRegion = en;
			hasScannedForEncodings = 0;
			knownRegions = (
				en,
				Base,
			);
			mainGroup = 46F3011524023DFF005EF41A;
			productRefGroup = 46F3011F24023DFF005EF41A /* Products */;
			projectDirPath = "";
			projectRoot = "";
			targets = (
				46F3011D24023DFF005EF41A /* avplayer */,
			);
		};
/* End PBXProject section */

/* Begin PBXSourcesBuildPhase section */
		46F3011B24023DFF005EF41A /* Sources */ = {
			isa = PBXSourcesBuildPhase;
			buildActionMask = 2147483647;
			files = (
				46F3018A24023F3F005EF41A /* avplayer-live.cpp in Sources */,
				46F3018724023F3F005EF41A /* avplayer.cpp in Sources */,
				46F3019124023F3F005EF41A /* AVPlayerCore.cpp in Sources */,
				46F3018E24023F3F005EF41A /* AVFilePlayer.cpp in Sources */,
				46F3018924023F3F005EF41A /* AVLivePlayer.cpp in Sources */,
				46F3018C24023F3F005EF41A /* avplayer-file.cpp in Sources */,
			);
			runOnlyForDeploymentPostprocessing = 0;
		};
/* End PBXSourcesBuildPhase section */

/* Begin XCBuildConfiguration section */
		46F3012024023DFF005EF41A /* Debug */ = {
			isa = XCBuildConfiguration;
			buildSettings = {
				ALWAYS_SEARCH_USER_PATHS = NO;
				CLANG_ANALYZER_NONNULL = YES;
				CLANG_ANALYZER_NUMBER_OBJECT_CONVERSION = YES_AGGRESSIVE;
				CLANG_CXX_LANGUAGE_STANDARD = "gnu++14";
				CLANG_CXX_LIBRARY = "libc++";
				CLANG_ENABLE_MODULES = YES;
				CLANG_ENABLE_OBJC_ARC = YES;
				CLANG_ENABLE_OBJC_WEAK = YES;
				CLANG_WARN_BLOCK_CAPTURE_AUTORELEASING = YES;
				CLANG_WARN_BOOL_CONVERSION = YES;
				CLANG_WARN_COMMA = YES;
				CLANG_WARN_CONSTANT_CONVERSION = YES;
				CLANG_WARN_DEPRECATED_OBJC_IMPLEMENTATIONS = YES;
				CLANG_WARN_DIRECT_OBJC_ISA_USAGE = YES_ERROR;
				CLANG_WARN_DOCUMENTATION_COMMENTS = YES;
				CLANG_WARN_EMPTY_BODY = YES;
				CLANG_WARN_ENUM_CONVERSION = YES;
				CLANG_WARN_INFINITE_RECURSION = YES;
				CLANG_WARN_INT_CONVERSION = YES;
				CLANG_WARN_NON_LITERAL_NULL_CONVERSION = YES;
				CLANG_WARN_OBJC_IMPLICIT_RETAIN_SELF = YES;
				CLANG_WARN_OBJC_LITERAL_CONVERSION = YES;
				CLANG_WARN_OBJC_ROOT_CLASS = YES_ERROR;
				CLANG_WARN_RANGE_LOOP_ANALYSIS = YES;
				CLANG_WARN_STRICT_PROTOTYPES = YES;
				CLANG_WARN_SUSPICIOUS_MOVE = YES;
				CLANG_WARN_UNGUARDED_AVAILABILITY = YES_AGGRESSIVE;
				CLANG_WARN_UNREACHABLE_CODE = YES;
				CLANG_WARN__DUPLICATE_METHOD_MATCH = YES;
				COPY_PHASE_STRIP = NO;
				DEBUG_INFORMATION_FORMAT = dwarf;
				ENABLE_STRICT_OBJC_MSGSEND = YES;
				ENABLE_TESTABILITY = YES;
				GCC_C_LANGUAGE_STANDARD = gnu11;
				GCC_DYNAMIC_NO_PIC = NO;
				GCC_NO_COMMON_BLOCKS = YES;
				GCC_OPTIMIZATION_LEVEL = 0;
				GCC_PREPROCESSOR_DEFINITIONS = (
					"DEBUG=1",
					"$(inherited)",
					OS_MAC,
				);
				GCC_WARN_64_TO_32_BIT_CONVERSION = YES;
				GCC_WARN_ABOUT_RETURN_TYPE = YES_ERROR;
				GCC_WARN_UNDECLARED_SELECTOR = YES;
				GCC_WARN_UNINITIALIZED_AUTOS = YES_AGGRESSIVE;
				GCC_WARN_UNUSED_FUNCTION = YES;
				GCC_WARN_UNUSED_VARIABLE = YES;
				MACOSX_DEPLOYMENT_TARGET = 10.15;
				MTL_ENABLE_DEBUG_INFO = INCLUDE_SOURCE;
				MTL_FAST_MATH = YES;
				ONLY_ACTIVE_ARCH = YES;
				SDKROOT = macosx;
				USER_HEADER_SEARCH_PATHS = (
					.,
					./include,
					../avcodec/include,
					../libavo/include,
					../ffutils/include,
					../../sdk/include,
				);
			};
			name = Debug;
		};
		46F3012124023DFF005EF41A /* Release */ = {
			isa = XCBuildConfiguration;
			buildSettings = {
				ALWAYS_SEARCH_USER_PATHS = NO;
				CLANG_ANALYZER_NONNULL = YES;
				CLANG_ANALYZER_NUMBER_OBJECT_CONVERSION = YES_AGGRESSIVE;
				CLANG_CXX_LANGUAGE_STANDARD = "gnu++14";
				CLANG_CXX_LIBRARY = "libc++";
				CLANG_ENABLE_MODULES = YES;
				CLANG_ENABLE_OBJC_ARC = YES;
				CLANG_ENABLE_OBJC_WEAK = YES;
				CLANG_WARN_BLOCK_CAPTURE_AUTORELEASING = YES;
				CLANG_WARN_BOOL_CONVERSION = YES;
				CLANG_WARN_COMMA = YES;
				CLANG_WARN_CONSTANT_CONVERSION = YES;
				CLANG_WARN_DEPRECATED_OBJC_IMPLEMENTATIONS = YES;
				CLANG_WARN_DIRECT_OBJC_ISA_USAGE = YES_ERROR;
				CLANG_WARN_DOCUMENTATION_COMMENTS = YES;
				CLANG_WARN_EMPTY_BODY = YES;
				CLANG_WARN_ENUM_CONVERSION = YES;
				CLANG_WARN_INFINITE_RECURSION = YES;
				CLANG_WARN_INT_CONVERSION = YES;
				CLANG_WARN_NON_LITERAL_NULL_CONVERSION = YES;
				CLANG_WARN_OBJC_IMPLICIT_RETAIN_SELF = YES;
				CLANG_WARN_OBJC_LITERAL_CONVERSION = YES;
				CLANG_WARN_OBJC_ROOT_CLASS = YES_ERROR;
				CLANG_WARN_RANGE_LOOP_ANALYSIS = YES;
				CLANG_WARN_STRICT_PROTOTYPES = YES;
				CLANG_WARN_SUSPICIOUS_MOVE = YES;
				CLANG_WARN_UNGUARDED_AVAILABILITY = YES_AGGRESSIVE;
				CLANG_WARN_UNREACHABLE_CODE = YES;
				CLANG_WARN__DUPLICATE_METHOD_MATCH = YES;
				COPY_PHASE_STRIP = NO;
				DEBUG_INFORMATION_FORMAT = "dwarf-with-dsym";
				ENABLE_NS_ASSERTIONS = NO;
				ENABLE_STRICT_OBJC_MSGSEND = YES;
				GCC_C_LANGUAGE_STANDARD = gnu11;
				GCC_NO_COMMON_BLOCKS = YES;
				GCC_PREPROCESSOR_DEFINITIONS = OS_MAC;
				GCC_WARN_64_TO_32_BIT_CONVERSION = YES;
				GCC_WARN_ABOUT_RETURN_TYPE = YES_ERROR;
				GCC_WARN_UNDECLARED_SELECTOR = YES;
				GCC_WARN_UNINITIALIZED_AUTOS = YES_AGGRESSIVE;
				GCC_WARN_UNUSED_FUNCTION = YES;
				GCC_WARN_UNUSED_VARIABLE = YES;
				MACOSX_DEPLOYMENT_TARGET = 10.15;
				MTL_ENABLE_DEBUG_INFO = NO;
				MTL_FAST_MATH = YES;
				SDKROOT = macosx;
				USER_HEADER_SEARCH_PATHS = (
					.,
					./include,
					../avcodec/include,
					../libavo/include,
					../ffutils/include,
					../../sdk/include,
				);
			};
			name = Release;
		};
		46F3012324023DFF005EF41A /* Debug */ = {
			isa = XCBuildConfiguration;
			buildSettings = {
				CODE_SIGN_STYLE = Automatic;
				EXECUTABLE_PREFIX = lib;
				GCC_PREPROCESSOR_DEFINITIONS = "$(inherited)";
				PRODUCT_NAME = "$(TARGET_NAME)";
				SKIP_INSTALL = YES;
			};
			name = Debug;
		};
		46F3012424023DFF005EF41A /* Release */ = {
			isa = XCBuildConfiguration;
			buildSettings = {
				CODE_SIGN_STYLE = Automatic;
				EXECUTABLE_PREFIX = lib;
				GCC_PREPROCESSOR_DEFINITIONS = "$(inherited)";
				PRODUCT_NAME = "$(TARGET_NAME)";
				SKIP_INSTALL = YES;
			};
			name = Release;
		};
/* End XCBuildConfiguration section */

/* Begin XCConfigurationList section */
		46F3011924023DFF005EF41A /* Build configuration list for PBXProject "avplayer" */ = {
			isa = XCConfigurationList;
			buildConfigurations = (
				46F3012024023DFF005EF41A /* Debug */,
				46F3012124023DFF005EF41A /* Release */,
			);
			defaultConfigurationIsVisible = 0;
			defaultConfigurationName = Release;
		};
		46F3012224023DFF005EF41A /* Build configuration list for PBXNativeTarget "avplayer" */ = {
			isa = XCConfigurationList;
			buildConfigurations = (
				46F3012324023DFF005EF41A /* Debug */,
				46F3012424023DFF005EF41A /* Release */,
			);
			defaultConfigurationIsVisible = 0;
			defaultConfigurationName = Release;
		};
/* End XCConfigurationList section */
	};
	rootObject = 46F3011624023DFF005EF41A /* Project object */;
}
