<?xml version="1.0" encoding="utf-8"?>
<Project ToolsVersion="4.0" xmlns="http://schemas.microsoft.com/developer/msbuild/2003">
  <ItemGroup>
    <Filter Include="Source Files">
      <UniqueIdentifier>{4FC737F1-C7A5-4376-A066-2A32D752A2FF}</UniqueIdentifier>
      <Extensions>cpp;c;cc;cxx;def;odl;idl;hpj;bat;asm;asmx</Extensions>
    </Filter>
    <Filter Include="Header Files">
      <UniqueIdentifier>{93995380-89BD-4b04-88EB-625FBE52EBFB}</UniqueIdentifier>
      <Extensions>h;hh;hpp;hxx;hm;inl;inc;xsd</Extensions>
    </Filter>
    <Filter Include="Resource Files">
      <UniqueIdentifier>{67DA6AB6-F800-4c08-8B7A-83BB121AAD01}</UniqueIdentifier>
      <Extensions>rc;ico;cur;bmp;dlg;rc2;rct;bin;rgs;gif;jpg;jpeg;jpe;resx;tiff;tif;png;wav;mfcribbon-ms</Extensions>
    </Filter>
  </ItemGroup>
  <ItemGroup>
    <ClInclude Include="include\ffdecoder.h">
      <Filter>Header Files</Filter>
    </ClInclude>
    <ClInclude Include="include\ffinput.h">
      <Filter>Header Files</Filter>
    </ClInclude>
    <ClInclude Include="include\ffoutput.h">
      <Filter>Header Files</Filter>
    </ClInclude>
    <ClInclude Include="include\fffilter.h">
      <Filter>Header Files</Filter>
    </ClInclude>
    <ClInclude Include="include\ffscale.h">
      <Filter>Header Files</Filter>
    </ClInclude>
    <ClInclude Include="include\avdecoder.h">
      <Filter>Header Files</Filter>
    </ClInclude>
    <ClInclude Include="include\ffhelper.h">
      <Filter>Header Files</Filter>
    </ClInclude>
    <ClInclude Include="include\ffencoder.h">
      <Filter>Header Files</Filter>
    </ClInclude>
    <ClInclude Include="include\ffresample.h">
      <Filter>Header Files</Filter>
    </ClInclude>
    <ClInclude Include="include\fftranscode.h">
      <Filter>Header Files</Filter>
    </ClInclude>
  </ItemGroup>
  <ItemGroup>
    <ClCompile Include="source\ffdecoder.c">
      <Filter>Source Files</Filter>
    </ClCompile>
    <ClCompile Include="source\ffencoder.c">
      <Filter>Source Files</Filter>
    </ClCompile>
    <ClCompile Include="source\ffinit.c">
      <Filter>Source Files</Filter>
    </ClCompile>
    <ClCompile Include="source\ffinput.c">
      <Filter>Source Files</Filter>
    </ClCompile>
    <ClCompile Include="source\ffoutput.c">
      <Filter>Source Files</Filter>
    </ClCompile>
    <ClCompile Include="source\ffscale.c">
      <Filter>Source Files</Filter>
    </ClCompile>
    <ClCompile Include="source\fffilter.c">
      <Filter>Source Files</Filter>
    </ClCompile>
    <ClCompile Include="source\avdecoder.c">
      <Filter>Source Files</Filter>
    </ClCompile>
    <ClCompile Include="source\ffresample.c">
      <Filter>Source Files</Filter>
    </ClCompile>
    <ClCompile Include="source\fftranscode.c">
      <Filter>Source Files</Filter>
    </ClCompile>
  </ItemGroup>
  <ItemGroup>
    <None Include="ffutils.def" />
  </ItemGroup>
</Project>