// !$*UTF8*$!
{
	archiveVersion = 1;
	classes = {
	};
	objectVersion = 50;
	objects = {

/* Begin PBXBuildFile section */
		46368096242F4AE300EF6B8F /* opengl_render.c in Sources */ = {isa = PBXBuildFile; fileRef = 46368095242F4AE300EF6B8F /* opengl_render.c */; };
		4636809A2430569F00EF6B8F /* opengl_context_cgl.c in Sources */ = {isa = PBXBuildFile; fileRef = 463680992430569F00EF6B8F /* opengl_context_cgl.c */; };
		463680A024317AD800EF6B8F /* opengl_render.h in Headers */ = {isa = PBXBuildFile; fileRef = 4636809F24317AD800EF6B8F /* opengl_render.h */; };
		46AEF4D4242BA5FF00BE6A13 /* metal_render.c in Sources */ = {isa = PBXBuildFile; fileRef = 46AEF4D3242BA5FF00BE6A13 /* metal_render.c */; };
		46CA25AE24151A2300AF5BAF /* audio_queue_play.c in Sources */ = {isa = PBXBuildFile; fileRef = 46CA25AD24151A2300AF5BAF /* audio_queue_play.c */; };
		46CA25BE241CE0FA00AF5BAF /* audio_queue_record.c in Sources */ = {isa = PBXBuildFile; fileRef = 46CA25BD241CE0FA00AF5BAF /* audio_queue_record.c */; };
		46F301F424023F62005EF41A /* audio_output.c in Sources */ = {isa = PBXBuildFile; fileRef = 46F301B524023F62005EF41A /* audio_output.c */; };
		46F3020324023F62005EF41A /* yuv_color.h in Headers */ = {isa = PBXBuildFile; fileRef = 46F301C824023F62005EF41A /* yuv_color.h */; };
		46F3020424023F62005EF41A /* video_read.h in Headers */ = {isa = PBXBuildFile; fileRef = 46F301C924023F62005EF41A /* video_read.h */; };
		46F3020524023F62005EF41A /* video_output.c in Sources */ = {isa = PBXBuildFile; fileRef = 46F301CA24023F62005EF41A /* video_output.c */; };
		46F3020624023F62005EF41A /* video_write.c in Sources */ = {isa = PBXBuildFile; fileRef = 46F301CB24023F62005EF41A /* video_write.c */; };
		46F3020724023F62005EF41A /* opengl_matrix.h in Headers */ = {isa = PBXBuildFile; fileRef = 46F301CC24023F62005EF41A /* opengl_matrix.h */; };
		46F3020824023F62005EF41A /* video_read.c in Sources */ = {isa = PBXBuildFile; fileRef = 46F301CD24023F62005EF41A /* video_read.c */; };
		46F3020924023F62005EF41A /* opengl_shader.h in Headers */ = {isa = PBXBuildFile; fileRef = 46F301CE24023F62005EF41A /* opengl_shader.h */; };
		46F3021724023F62005EF41A /* audio_input.c in Sources */ = {isa = PBXBuildFile; fileRef = 46F301DF24023F62005EF41A /* audio_input.c */; };
		46F3021B24023F62005EF41A /* av_register_all.cpp in Sources */ = {isa = PBXBuildFile; fileRef = 46F301E524023F62005EF41A /* av_register_all.cpp */; };
		46F3021C24023F62005EF41A /* av_register.c in Sources */ = {isa = PBXBuildFile; fileRef = 46F301E624023F62005EF41A /* av_register.c */; };
/* End PBXBuildFile section */

/* Begin PBXFileReference section */
		46368095242F4AE300EF6B8F /* opengl_render.c */ = {isa = PBXFileReference; lastKnownFileType = sourcecode.c.c; path = opengl_render.c; sourceTree = "<group>"; };
		46368097242F522800EF6B8F /* opengl_vertex.h */ = {isa = PBXFileReference; lastKnownFileType = sourcecode.c.h; path = opengl_vertex.h; sourceTree = "<group>"; };
		46368098242F526700EF6B8F /* opengl_texture.h */ = {isa = PBXFileReference; lastKnownFileType = sourcecode.c.h; path = opengl_texture.h; sourceTree = "<group>"; };
		463680992430569F00EF6B8F /* opengl_context_cgl.c */ = {isa = PBXFileReference; lastKnownFileType = sourcecode.c.c; path = opengl_context_cgl.c; sourceTree = "<group>"; };
		4636809B24306D9700EF6B8F /* opengl_context.h */ = {isa = PBXFileReference; lastKnownFileType = sourcecode.c.h; path = opengl_context.h; sourceTree = "<group>"; };
		4636809F24317AD800EF6B8F /* opengl_render.h */ = {isa = PBXFileReference; fileEncoding = 4; lastKnownFileType = sourcecode.c.h; path = opengl_render.h; sourceTree = "<group>"; };
		46AEF4D3242BA5FF00BE6A13 /* metal_render.c */ = {isa = PBXFileReference; lastKnownFileType = sourcecode.c.c; path = metal_render.c; sourceTree = "<group>"; };
		46AEF4D5242BA63400BE6A13 /* metal_render.h */ = {isa = PBXFileReference; lastKnownFileType = sourcecode.c.h; path = metal_render.h; sourceTree = "<group>"; };
		46CA25AD24151A2300AF5BAF /* audio_queue_play.c */ = {isa = PBXFileReference; lastKnownFileType = sourcecode.c.c; name = audio_queue_play.c; path = audio_queue/audio_queue_play.c; sourceTree = "<group>"; };
		46CA25BD241CE0FA00AF5BAF /* audio_queue_record.c */ = {isa = PBXFileReference; lastKnownFileType = sourcecode.c.c; name = audio_queue_record.c; path = audio_queue/audio_queue_record.c; sourceTree = "<group>"; };
		46F3013424023E1E005EF41A /* libavo.a */ = {isa = PBXFileReference; explicitFileType = archive.ar; includeInIndex = 0; path = libavo.a; sourceTree = BUILT_PRODUCTS_DIR; };
		46F3014F24023ED4005EF41A /* include */ = {isa = PBXFileReference; lastKnownFileType = folder; path = include; sourceTree = "<group>"; };
		46F301B524023F62005EF41A /* audio_output.c */ = {isa = PBXFileReference; fileEncoding = 4; lastKnownFileType = sourcecode.c.c; path = audio_output.c; sourceTree = "<group>"; };
		46F301C824023F62005EF41A /* yuv_color.h */ = {isa = PBXFileReference; fileEncoding = 4; lastKnownFileType = sourcecode.c.h; path = yuv_color.h; sourceTree = "<group>"; };
		46F301C924023F62005EF41A /* video_read.h */ = {isa = PBXFileReference; fileEncoding = 4; lastKnownFileType = sourcecode.c.h; path = video_read.h; sourceTree = "<group>"; };
		46F301CA24023F62005EF41A /* video_output.c */ = {isa = PBXFileReference; fileEncoding = 4; lastKnownFileType = sourcecode.c.c; path = video_output.c; sourceTree = "<group>"; };
		46F301CB24023F62005EF41A /* video_write.c */ = {isa = PBXFileReference; fileEncoding = 4; lastKnownFileType = sourcecode.c.c; path = video_write.c; sourceTree = "<group>"; };
		46F301CC24023F62005EF41A /* opengl_matrix.h */ = {isa = PBXFileReference; fileEncoding = 4; lastKnownFileType = sourcecode.c.h; path = opengl_matrix.h; sourceTree = "<group>"; };
		46F301CD24023F62005EF41A /* video_read.c */ = {isa = PBXFileReference; fileEncoding = 4; lastKnownFileType = sourcecode.c.c; path = video_read.c; sourceTree = "<group>"; };
		46F301CE24023F62005EF41A /* opengl_shader.h */ = {isa = PBXFileReference; fileEncoding = 4; lastKnownFileType = sourcecode.c.h; path = opengl_shader.h; sourceTree = "<group>"; };
		46F301DF24023F62005EF41A /* audio_input.c */ = {isa = PBXFileReference; fileEncoding = 4; lastKnownFileType = sourcecode.c.c; path = audio_input.c; sourceTree = "<group>"; };
		46F301E524023F62005EF41A /* av_register_all.cpp */ = {isa = PBXFileReference; fileEncoding = 4; lastKnownFileType = sourcecode.cpp.cpp; path = av_register_all.cpp; sourceTree = "<group>"; };
		46F301E624023F62005EF41A /* av_register.c */ = {isa = PBXFileReference; fileEncoding = 4; lastKnownFileType = sourcecode.c.c; path = av_register.c; sourceTree = "<group>"; };
/* End PBXFileReference section */

/* Begin PBXFrameworksBuildPhase section */
		46F3013224023E1E005EF41A /* Frameworks */ = {
			isa = PBXFrameworksBuildPhase;
			buildActionMask = 2147483647;
			files = (
			);
			runOnlyForDeploymentPostprocessing = 0;
		};
/* End PBXFrameworksBuildPhase section */

/* Begin PBXGroup section */
		46F3012B24023E1E005EF41A = {
			isa = PBXGroup;
			children = (
				46F3014F24023ED4005EF41A /* include */,
				46F301A324023F62005EF41A /* src */,
				46F3013524023E1E005EF41A /* Products */,
			);
			sourceTree = "<group>";
		};
		46F3013524023E1E005EF41A /* Products */ = {
			isa = PBXGroup;
			children = (
				46F3013424023E1E005EF41A /* libavo.a */,
			);
			name = Products;
			sourceTree = "<group>";
		};
		46F301A324023F62005EF41A /* src */ = {
			isa = PBXGroup;
			children = (
				46F301A424023F62005EF41A /* audio_output */,
				46F301B624023F62005EF41A /* render */,
				46F301D724023F62005EF41A /* audio_input */,
				46F301E524023F62005EF41A /* av_register_all.cpp */,
				46F301E624023F62005EF41A /* av_register.c */,
			);
			path = src;
			sourceTree = "<group>";
		};
		46F301A424023F62005EF41A /* audio_output */ = {
			isa = PBXGroup;
			children = (
				46F301B524023F62005EF41A /* audio_output.c */,
				46CA25AD24151A2300AF5BAF /* audio_queue_play.c */,
			);
			path = audio_output;
			sourceTree = "<group>";
		};
		46F301B624023F62005EF41A /* render */ = {
			isa = PBXGroup;
			children = (
				46F3021E2402827C005EF41A /* opengl */,
				46F3021D24028261005EF41A /* metal */,
				46F301C824023F62005EF41A /* yuv_color.h */,
				46F301C924023F62005EF41A /* video_read.h */,
				46F301CA24023F62005EF41A /* video_output.c */,
				46F301CB24023F62005EF41A /* video_write.c */,
				46F301CC24023F62005EF41A /* opengl_matrix.h */,
				46F301CD24023F62005EF41A /* video_read.c */,
				46F301CE24023F62005EF41A /* opengl_shader.h */,
			);
			path = render;
			sourceTree = "<group>";
		};
		46F301D724023F62005EF41A /* audio_input */ = {
			isa = PBXGroup;
			children = (
				46F301DF24023F62005EF41A /* audio_input.c */,
				46CA25BD241CE0FA00AF5BAF /* audio_queue_record.c */,
			);
			path = audio_input;
			sourceTree = "<group>";
		};
		46F3021D24028261005EF41A /* metal */ = {
			isa = PBXGroup;
			children = (
				46AEF4D3242BA5FF00BE6A13 /* metal_render.c */,
				46AEF4D5242BA63400BE6A13 /* metal_render.h */,
			);
			path = metal;
			sourceTree = "<group>";
		};
		46F3021E2402827C005EF41A /* opengl */ = {
			isa = PBXGroup;
			children = (
				4636809F24317AD800EF6B8F /* opengl_render.h */,
				46368095242F4AE300EF6B8F /* opengl_render.c */,
				46368097242F522800EF6B8F /* opengl_vertex.h */,
				46368098242F526700EF6B8F /* opengl_texture.h */,
				463680992430569F00EF6B8F /* opengl_context_cgl.c */,
				4636809B24306D9700EF6B8F /* opengl_context.h */,
			);
			path = opengl;
			sourceTree = "<group>";
		};
/* End PBXGroup section */

/* Begin PBXHeadersBuildPhase section */
		46F3013024023E1E005EF41A /* Headers */ = {
			isa = PBXHeadersBuildPhase;
			buildActionMask = 2147483647;
			files = (
				463680A024317AD800EF6B8F /* opengl_render.h in Headers */,
				46F3020424023F62005EF41A /* video_read.h in Headers */,
				46F3020724023F62005EF41A /* opengl_matrix.h in Headers */,
				46F3020924023F62005EF41A /* opengl_shader.h in Headers */,
				46F3020324023F62005EF41A /* yuv_color.h in Headers */,
			);
			runOnlyForDeploymentPostprocessing = 0;
		};
/* End PBXHeadersBuildPhase section */

/* Begin PBXNativeTarget section */
		46F3013324023E1E005EF41A /* libavo */ = {
			isa = PBXNativeTarget;
			buildConfigurationList = 46F3013824023E1E005EF41A /* Build configuration list for PBXNativeTarget "libavo" */;
			buildPhases = (
				46F3013024023E1E005EF41A /* Headers */,
				46F3013124023E1E005EF41A /* Sources */,
				46F3013224023E1E005EF41A /* Frameworks */,
			);
			buildRules = (
			);
			dependencies = (
			);
			name = libavo;
			productName = libavo;
			productReference = 46F3013424023E1E005EF41A /* libavo.a */;
			productType = "com.apple.product-type.library.static";
		};
/* End PBXNativeTarget section */

/* Begin PBXProject section */
		46F3012C24023E1E005EF41A /* Project object */ = {
			isa = PBXProject;
			attributes = {
				LastUpgradeCheck = 1130;
				ORGANIZATIONNAME = ireader;
				TargetAttributes = {
					46F3013324023E1E005EF41A = {
						CreatedOnToolsVersion = 11.3;
					};
				};
			};
			buildConfigurationList = 46F3012F24023E1E005EF41A /* Build configuration list for PBXProject "libavo" */;
			compatibilityVersion = "Xcode 9.3";
			developmentRegion = en;
			hasScannedForEncodings = 0;
			knownRegions = (
				en,
				Base,
			);
			mainGroup = 46F3012B24023E1E005EF41A;
			productRefGroup = 46F3013524023E1E005EF41A /* Products */;
			projectDirPath = "";
			projectRoot = "";
			targets = (
				46F3013324023E1E005EF41A /* libavo */,
			);
		};
/* End PBXProject section */

/* Begin PBXSourcesBuildPhase section */
		46F3013124023E1E005EF41A /* Sources */ = {
			isa = PBXSourcesBuildPhase;
			buildActionMask = 2147483647;
			files = (
				46F3020524023F62005EF41A /* video_output.c in Sources */,
				46368096242F4AE300EF6B8F /* opengl_render.c in Sources */,
				46CA25BE241CE0FA00AF5BAF /* audio_queue_record.c in Sources */,
				46F3020824023F62005EF41A /* video_read.c in Sources */,
				46F3021724023F62005EF41A /* audio_input.c in Sources */,
				46F301F424023F62005EF41A /* audio_output.c in Sources */,
				46AEF4D4242BA5FF00BE6A13 /* metal_render.c in Sources */,
				46CA25AE24151A2300AF5BAF /* audio_queue_play.c in Sources */,
				46F3021C24023F62005EF41A /* av_register.c in Sources */,
				46F3020624023F62005EF41A /* video_write.c in Sources */,
				46F3021B24023F62005EF41A /* av_register_all.cpp in Sources */,
				4636809A2430569F00EF6B8F /* opengl_context_cgl.c in Sources */,
			);
			runOnlyForDeploymentPostprocessing = 0;
		};
/* End PBXSourcesBuildPhase section */

/* Begin XCBuildConfiguration section */
		46F3013624023E1E005EF41A /* Debug */ = {
			isa = XCBuildConfiguration;
			buildSettings = {
				ALWAYS_SEARCH_USER_PATHS = NO;
				CLANG_ANALYZER_NONNULL = YES;
				CLANG_ANALYZER_NUMBER_OBJECT_CONVERSION = YES_AGGRESSIVE;
				CLANG_CXX_LANGUAGE_STANDARD = "gnu++14";
				CLANG_CXX_LIBRARY = "libc++";
				CLANG_ENABLE_MODULES = YES;
				CLANG_ENABLE_OBJC_ARC = YES;
				CLANG_ENABLE_OBJC_WEAK = YES;
				CLANG_WARN_BLOCK_CAPTURE_AUTORELEASING = YES;
				CLANG_WARN_BOOL_CONVERSION = YES;
				CLANG_WARN_COMMA = YES;
				CLANG_WARN_CONSTANT_CONVERSION = YES;
				CLANG_WARN_DEPRECATED_OBJC_IMPLEMENTATIONS = YES;
				CLANG_WARN_DIRECT_OBJC_ISA_USAGE = YES_ERROR;
				CLANG_WARN_DOCUMENTATION_COMMENTS = YES;
				CLANG_WARN_EMPTY_BODY = YES;
				CLANG_WARN_ENUM_CONVERSION = YES;
				CLANG_WARN_INFINITE_RECURSION = YES;
				CLANG_WARN_INT_CONVERSION = YES;
				CLANG_WARN_NON_LITERAL_NULL_CONVERSION = YES;
				CLANG_WARN_OBJC_IMPLICIT_RETAIN_SELF = YES;
				CLANG_WARN_OBJC_LITERAL_CONVERSION = YES;
				CLANG_WARN_OBJC_ROOT_CLASS = YES_ERROR;
				CLANG_WARN_RANGE_LOOP_ANALYSIS = YES;
				CLANG_WARN_STRICT_PROTOTYPES = YES;
				CLANG_WARN_SUSPICIOUS_MOVE = YES;
				CLANG_WARN_UNGUARDED_AVAILABILITY = YES_AGGRESSIVE;
				CLANG_WARN_UNREACHABLE_CODE = YES;
				CLANG_WARN__DUPLICATE_METHOD_MATCH = YES;
				COPY_PHASE_STRIP = NO;
				DEBUG_INFORMATION_FORMAT = dwarf;
				ENABLE_STRICT_OBJC_MSGSEND = YES;
				ENABLE_TESTABILITY = YES;
				GCC_C_LANGUAGE_STANDARD = gnu11;
				GCC_DYNAMIC_NO_PIC = NO;
				GCC_NO_COMMON_BLOCKS = YES;
				GCC_OPTIMIZATION_LEVEL = 0;
				GCC_PREPROCESSOR_DEFINITIONS = (
					"DEBUG=1",
					"$(inherited)",
					OS_MAC,
				);
				GCC_WARN_64_TO_32_BIT_CONVERSION = YES;
				GCC_WARN_ABOUT_RETURN_TYPE = YES_ERROR;
				GCC_WARN_UNDECLARED_SELECTOR = YES;
				GCC_WARN_UNINITIALIZED_AUTOS = YES_AGGRESSIVE;
				GCC_WARN_UNUSED_FUNCTION = YES;
				GCC_WARN_UNUSED_VARIABLE = YES;
				MACOSX_DEPLOYMENT_TARGET = 10.15;
				MTL_ENABLE_DEBUG_INFO = INCLUDE_SOURCE;
				MTL_FAST_MATH = YES;
				ONLY_ACTIVE_ARCH = YES;
				SDKROOT = macosx;
				USER_HEADER_SEARCH_PATHS = (
					.,
					include,
					../avcodec/include,
				);
			};
			name = Debug;
		};
		46F3013724023E1E005EF41A /* Release */ = {
			isa = XCBuildConfiguration;
			buildSettings = {
				ALWAYS_SEARCH_USER_PATHS = NO;
				CLANG_ANALYZER_NONNULL = YES;
				CLANG_ANALYZER_NUMBER_OBJECT_CONVERSION = YES_AGGRESSIVE;
				CLANG_CXX_LANGUAGE_STANDARD = "gnu++14";
				CLANG_CXX_LIBRARY = "libc++";
				CLANG_ENABLE_MODULES = YES;
				CLANG_ENABLE_OBJC_ARC = YES;
				CLANG_ENABLE_OBJC_WEAK = YES;
				CLANG_WARN_BLOCK_CAPTURE_AUTORELEASING = YES;
				CLANG_WARN_BOOL_CONVERSION = YES;
				CLANG_WARN_COMMA = YES;
				CLANG_WARN_CONSTANT_CONVERSION = YES;
				CLANG_WARN_DEPRECATED_OBJC_IMPLEMENTATIONS = YES;
				CLANG_WARN_DIRECT_OBJC_ISA_USAGE = YES_ERROR;
				CLANG_WARN_DOCUMENTATION_COMMENTS = YES;
				CLANG_WARN_EMPTY_BODY = YES;
				CLANG_WARN_ENUM_CONVERSION = YES;
				CLANG_WARN_INFINITE_RECURSION = YES;
				CLANG_WARN_INT_CONVERSION = YES;
				CLANG_WARN_NON_LITERAL_NULL_CONVERSION = YES;
				CLANG_WARN_OBJC_IMPLICIT_RETAIN_SELF = YES;
				CLANG_WARN_OBJC_LITERAL_CONVERSION = YES;
				CLANG_WARN_OBJC_ROOT_CLASS = YES_ERROR;
				CLANG_WARN_RANGE_LOOP_ANALYSIS = YES;
				CLANG_WARN_STRICT_PROTOTYPES = YES;
				CLANG_WARN_SUSPICIOUS_MOVE = YES;
				CLANG_WARN_UNGUARDED_AVAILABILITY = YES_AGGRESSIVE;
				CLANG_WARN_UNREACHABLE_CODE = YES;
				CLANG_WARN__DUPLICATE_METHOD_MATCH = YES;
				COPY_PHASE_STRIP = NO;
				DEBUG_INFORMATION_FORMAT = "dwarf-with-dsym";
				ENABLE_NS_ASSERTIONS = NO;
				ENABLE_STRICT_OBJC_MSGSEND = YES;
				GCC_C_LANGUAGE_STANDARD = gnu11;
				GCC_NO_COMMON_BLOCKS = YES;
				GCC_PREPROCESSOR_DEFINITIONS = OS_MAC;
				GCC_WARN_64_TO_32_BIT_CONVERSION = YES;
				GCC_WARN_ABOUT_RETURN_TYPE = YES_ERROR;
				GCC_WARN_UNDECLARED_SELECTOR = YES;
				GCC_WARN_UNINITIALIZED_AUTOS = YES_AGGRESSIVE;
				GCC_WARN_UNUSED_FUNCTION = YES;
				GCC_WARN_UNUSED_VARIABLE = YES;
				MACOSX_DEPLOYMENT_TARGET = 10.15;
				MTL_ENABLE_DEBUG_INFO = NO;
				MTL_FAST_MATH = YES;
				SDKROOT = macosx;
				USER_HEADER_SEARCH_PATHS = (
					.,
					include,
					../avcodec/include,
				);
			};
			name = Release;
		};
		46F3013924023E1E005EF41A /* Debug */ = {
			isa = XCBuildConfiguration;
			buildSettings = {
				CODE_SIGN_STYLE = Automatic;
				EXECUTABLE_PREFIX = "";
				GCC_PREPROCESSOR_DEFINITIONS = "$(inherited)";
				PRODUCT_NAME = "$(TARGET_NAME)";
				SKIP_INSTALL = YES;
			};
			name = Debug;
		};
		46F3013A24023E1E005EF41A /* Release */ = {
			isa = XCBuildConfiguration;
			buildSettings = {
				CODE_SIGN_STYLE = Automatic;
				EXECUTABLE_PREFIX = "";
				GCC_PREPROCESSOR_DEFINITIONS = "$(inherited)";
				PRODUCT_NAME = "$(TARGET_NAME)";
				SKIP_INSTALL = YES;
			};
			name = Release;
		};
/* End XCBuildConfiguration section */

/* Begin XCConfigurationList section */
		46F3012F24023E1E005EF41A /* Build configuration list for PBXProject "libavo" */ = {
			isa = XCConfigurationList;
			buildConfigurations = (
				46F3013624023E1E005EF41A /* Debug */,
				46F3013724023E1E005EF41A /* Release */,
			);
			defaultConfigurationIsVisible = 0;
			defaultConfigurationName = Release;
		};
		46F3013824023E1E005EF41A /* Build configuration list for PBXNativeTarget "libavo" */ = {
			isa = XCConfigurationList;
			buildConfigurations = (
				46F3013924023E1E005EF41A /* Debug */,
				46F3013A24023E1E005EF41A /* Release */,
			);
			defaultConfigurationIsVisible = 0;
			defaultConfigurationName = Release;
		};
/* End XCConfigurationList section */
	};
	rootObject = 46F3012C24023E1E005EF41A /* Project object */;
}
