<?xml version="1.0" encoding="utf-8"?>
<Project ToolsVersion="4.0" xmlns="http://schemas.microsoft.com/developer/msbuild/2003">
  <ItemGroup>
    <Filter Include="Source Files">
      <UniqueIdentifier>{4FC737F1-C7A5-4376-A066-2A32D752A2FF}</UniqueIdentifier>
      <Extensions>cpp;c;cc;cxx;def;odl;idl;hpj;bat;asm;asmx</Extensions>
    </Filter>
    <Filter Include="Header Files">
      <UniqueIdentifier>{93995380-89BD-4b04-88EB-625FBE52EBFB}</UniqueIdentifier>
      <Extensions>h;hh;hpp;hxx;hm;inl;inc;xsd</Extensions>
    </Filter>
    <Filter Include="Resource Files">
      <UniqueIdentifier>{67DA6AB6-F800-4c08-8B7A-83BB121AAD01}</UniqueIdentifier>
      <Extensions>rc;ico;cur;bmp;dlg;rc2;rct;bin;rgs;gif;jpg;jpeg;jpe;resx;tiff;tif;png;wav;mfcribbon-ms</Extensions>
    </Filter>
    <Filter Include="3rd">
      <UniqueIdentifier>{117cc637-403b-4cfa-80fd-707b6d51c429}</UniqueIdentifier>
    </Filter>
    <Filter Include="Source Files\live-player">
      <UniqueIdentifier>{36bd00c9-7748-4ee9-ab3e-e4bdbd0f2c73}</UniqueIdentifier>
    </Filter>
    <Filter Include="Source Files\file-player">
      <UniqueIdentifier>{8c801d51-07a6-4b37-9ac6-d74362e4d535}</UniqueIdentifier>
    </Filter>
  </ItemGroup>
  <ItemGroup>
    <ClInclude Include="include\avplayer.h">
      <Filter>Header Files</Filter>
    </ClInclude>
    <ClInclude Include="source\live-player\AVLivePlayer.h">
      <Filter>Source Files\live-player</Filter>
    </ClInclude>
    <ClInclude Include="source\file-player\AVFilePlayer.h">
      <Filter>Source Files\file-player</Filter>
    </ClInclude>
    <ClInclude Include="source\AVFrameQ.h">
      <Filter>Source Files</Filter>
    </ClInclude>
    <ClInclude Include="source\AVPlayerCore.h">
      <Filter>Source Files</Filter>
    </ClInclude>
    <ClInclude Include="include\avplayer-file.h">
      <Filter>Header Files</Filter>
    </ClInclude>
    <ClInclude Include="include\avplayer-live.h">
      <Filter>Header Files</Filter>
    </ClInclude>
    <ClInclude Include="source\AVInterval.h">
      <Filter>Source Files</Filter>
    </ClInclude>
    <ClInclude Include="include\AVFilter.h">
      <Filter>Header Files</Filter>
    </ClInclude>
    <ClInclude Include="include\VOFilter.h">
      <Filter>Header Files</Filter>
    </ClInclude>
    <ClInclude Include="include\AudioDecoder.h">
      <Filter>Header Files</Filter>
    </ClInclude>
    <ClInclude Include="include\VideoDecoder.h">
      <Filter>Header Files</Filter>
    </ClInclude>
  </ItemGroup>
  <ItemGroup>
    <ClCompile Include="source\avplayer.cpp">
      <Filter>Source Files</Filter>
    </ClCompile>
    <ClCompile Include="source\AVPlayerCore.cpp">
      <Filter>Source Files</Filter>
    </ClCompile>
    <ClCompile Include="source\live-player\AVLivePlayer.cpp">
      <Filter>Source Files\live-player</Filter>
    </ClCompile>
    <ClCompile Include="source\file-player\AVFilePlayer.cpp">
      <Filter>Source Files\file-player</Filter>
    </ClCompile>
    <ClCompile Include="source\live-player\avplayer-live.cpp">
      <Filter>Source Files\live-player</Filter>
    </ClCompile>
    <ClCompile Include="source\file-player\avplayer-file.cpp">
      <Filter>Source Files\file-player</Filter>
    </ClCompile>
  </ItemGroup>
</Project>